GEM
  remote: https://rubygems.org/
  specs:
    activesupport (8.1.3.1)
      base64
      bigdecimal
      concurrent-ruby (~> 1.0, >= 1.3.1)
      connection_pool (>= 2.2.5)
      drb
      i18n (>= 1.6, < 2)
      json
      logger (>= 1.4.2)
      minitest (>= 5.1)
      securerandom (>= 0.3)
      tzinfo (~> 2.0, >= 2.0.5)
      uri (>= 0.13.1)
    addressable (2.9.0)
      public_suffix (>= 2.0.2, < 8.0)
    ansi (1.5.0)
    aws-eventstream (1.4.0)
    aws-partitions (1.1221.0)
    aws-sdk-cloudfront (1.141.0)
      aws-sdk-core (~> 3, >= 3.241.4)
      aws-sigv4 (~> 1.5)
    aws-sdk-core (3.242.0)
      aws-eventstream (~> 1, >= 1.3.0)
      aws-partitions (~> 1, >= 1.992.0)
      aws-sigv4 (~> 1.9)
      base64
      bigdecimal
      jmespath (~> 1, >= 1.6.1)
      logger
    aws-sdk-kms (1.122.0)
      aws-sdk-core (~> 3, >= 3.241.4)
      aws-sigv4 (~> 1.5)
    aws-sdk-s3 (1.213.0)
      aws-sdk-core (~> 3, >= 3.241.4)
      aws-sdk-kms (~> 1)
      aws-sigv4 (~> 1.5)
    aws-sigv4 (1.12.1)
      aws-eventstream (~> 1, >= 1.0.2)
    base64 (0.3.0)
    bigdecimal (4.0.1)
    builder (3.3.0)
    coffee-script (2.4.1)
      coffee-script-source
      execjs
    coffee-script-source (1.12.2)
    concurrent-ruby (1.3.8)
    connection_pool (3.0.2)
    contracts (0.17.3)
    dotenv (3.2.0)
    drb (2.2.3)
    em-websocket (0.5.3)
      eventmachine (>= 0.12.9)
      http_parser.rb (~> 0)
    erubi (1.13.1)
    eventmachine (1.2.7)
    excon (1.7.0)
      logger
    execjs (2.10.0)
    fast_blank (1.0.1)
    fastimage (2.4.0)
    ffi (1.17.3-aarch64-linux-gnu)
    ffi (1.17.3-aarch64-linux-musl)
    ffi (1.17.3-arm-linux-gnu)
    ffi (1.17.3-arm-linux-musl)
    ffi (1.17.3-arm64-darwin)
    ffi (1.17.3-x86_64-darwin)
    ffi (1.17.3-x86_64-linux-gnu)
    ffi (1.17.3-x86_64-linux-musl)
    fog-aws (3.33.1)
      base64 (>= 0.2, < 0.4)
      fog-core (~> 2.6)
      fog-json (~> 1.1)
      fog-xml (~> 0.1)
    fog-core (2.6.0)
      builder
      excon (~> 1.0)
      formatador (>= 0.2, < 2.0)
      mime-types
    fog-json (1.2.0)
      fog-core
      multi_json (~> 1.10)
    fog-xml (0.1.5)
      fog-core
      nokogiri (>= 1.5.11, < 2.0.0)
    formatador (1.2.3)
      reline
    haml (6.4.0)
      temple (>= 0.8.2)
      thor
      tilt
    hamster (3.0.0)
      concurrent-ruby (~> 1.0)
    hashie (5.1.0)
      logger
    http_parser.rb (0.8.1)
    i18n (1.14.8)
      concurrent-ruby (~> 1.0)
    io-console (0.8.2)
    jmespath (1.6.2)
    json (2.21.2)
    kramdown (2.5.2)
      rexml (>= 3.4.4)
    listen (3.10.0)
      logger
      rb-fsevent (~> 0.10, >= 0.10.3)
      rb-inotify (~> 0.9, >= 0.9.10)
    logger (1.7.0)
    memoist (0.16.2)
    middleman (4.6.3)
      middleman-cli (= 4.6.3)
      middleman-core (= 4.6.3)
    middleman-blog (4.2.1)
      addressable (~> 2.3)
      middleman-core (>= 4.0.0)
      tzinfo (>= 0.3.0)
    middleman-cli (4.6.3)
      thor (>= 0.17.0, < 2)
    middleman-core (4.6.3)
      activesupport (>= 6.1)
      addressable (~> 2.4)
      bundler (> 2.0)
      coffee-script (~> 2.2)
      contracts
      dotenv
      erubi
      execjs (~> 2.0)
      fast_blank
      fastimage (~> 2.0)
      haml (>= 4.0.5, < 7)
      hamster (~> 3.0)
      hashie (>= 3.4, < 6.0)
      i18n (>= 1.6, < 1.15)
      kramdown (~> 2.4)
      listen (~> 3.0)
      memoist (~> 0.14)
      padrino-helpers (>= 0.15, < 0.17)
      parallel
      rack (>= 3)
      rackup
      sassc (~> 2.0)
      servolux
      tilt (~> 2.2)
      toml
      uglifier (>= 3, < 5)
      webrick
    middleman-livereload (3.5.0)
      em-websocket (~> 0.5.1)
      middleman-core (>= 3.3)
      rack-livereload (~> 0.6.1)
    middleman-meta-tags (0.7.0)
      middleman-core (>= 3.0.0)
    middleman-s3_sync (4.7.0)
      ansi (~> 1.5)
      aws-sdk-cloudfront (~> 1.0)
      aws-sdk-s3 (~> 1.187, >= 1.187.0)
      middleman-cli (~> 4.4)
      middleman-core (~> 4.4)
      mime-types (~> 3.4)
      nokogiri (~> 1.18, >= 1.18.4)
      parallel (~> 1.20)
      ruby-progressbar (~> 1.11)
    middleman-sprockets (4.1.1)
      middleman-core (~> 4.0)
      sprockets (>= 3.0)
    mime-types (3.7.0)
      logger
      mime-types-data (~> 3.2025, >= 3.2025.0507)
    mime-types-data (3.2026.0303)
    minitest (6.0.2)
      drb (~> 2.0)
      prism (~> 1.5)
    multi_json (1.19.1)
    nokogiri (1.19.4-aarch64-linux-gnu)
      racc (~> 1.4)
    nokogiri (1.19.4-aarch64-linux-musl)
      racc (~> 1.4)
    nokogiri (1.19.4-arm-linux-gnu)
      racc (~> 1.4)
    nokogiri (1.19.4-arm-linux-musl)
      racc (~> 1.4)
    nokogiri (1.19.4-arm64-darwin)
      racc (~> 1.4)
    nokogiri (1.19.4-x86_64-darwin)
      racc (~> 1.4)
    nokogiri (1.19.4-x86_64-linux-gnu)
      racc (~> 1.4)
    nokogiri (1.19.4-x86_64-linux-musl)
      racc (~> 1.4)
    ostruct (0.6.3)
    padrino-helpers (0.16.0)
      i18n (>= 0.6.7, < 2)
      padrino-support (= 0.16.0)
      tilt (>= 2.1, < 3)
    padrino-support (0.16.0)
    parallel (1.27.0)
    parslet (2.0.0)
    prism (1.9.0)
    public_suffix (7.0.5)
    racc (1.8.1)
    rack (3.1.22)
    rack-livereload (0.6.1)
      rack (>= 3.0, < 3.2)
    rackup (2.3.1)
      rack (>= 3)
    rb-fsevent (0.11.2)
    rb-inotify (0.11.1)
      ffi (~> 1.0)
    redcarpet (3.6.1)
    reline (0.6.3)
      io-console (~> 0.5)
    rexml (3.4.4)
    ruby-progressbar (1.13.0)
    sassc (2.4.0)
      ffi (~> 1.9)
    securerandom (0.4.1)
    servolux (0.13.0)
    slim (5.2.1)
      temple (~> 0.10.0)
      tilt (>= 2.1.0)
    sprockets (4.2.2)
      concurrent-ruby (~> 1.0)
      logger
      rack (>= 2.2.4, < 4)
    temple (0.10.4)
    thor (1.5.0)
    tilt (2.7.0)
    toml (0.3.0)
      parslet (>= 1.8.0, < 3.0.0)
    tzinfo (2.0.6)
      concurrent-ruby (~> 1.0)
    uglifier (4.2.1)
      execjs (>= 0.3.0, < 3)
    uri (1.1.1)
    webrick (1.9.2)

PLATFORMS
  aarch64-linux-gnu
  aarch64-linux-musl
  arm-linux-gnu
  arm-linux-musl
  arm64-darwin
  x86_64-darwin
  x86_64-linux-gnu
  x86_64-linux-musl

DEPENDENCIES
  builder (~> 3.2)
  fog-aws
  middleman (>= 4.3.4)
  middleman-blog
  middleman-livereload
  middleman-meta-tags (>= 0.4.0)
  middleman-s3_sync
  middleman-sprockets (>= 4.1.1)
  mime-types (~> 3.0)
  ostruct
  redcarpet (~> 3.5)
  sassc
  slim (>= 3.0)
  sprockets (~> 4.0)

CHECKSUMS
  activesupport (8.1.3.1) sha256=85458765f25ea48b9019c46b6bb3fa5683197bf4280d9f06710a6e8d7a831376
  addressable (2.9.0) sha256=7fdf6ac3660f7f4e867a0838be3f6cf722ace541dd97767fa42bc6cfa980c7af
  ansi (1.5.0) sha256=5408253274e33d9d27d4a98c46d2998266fd51cba58a7eb9d08f50e57ed23592
  aws-eventstream (1.4.0) sha256=116bf85c436200d1060811e6f5d2d40c88f65448f2125bc77ffce5121e6e183b
  aws-partitions (1.1221.0) sha256=f09304480191f5ff03f8994705067779bc8fe5b4731183ce45f092afb706e8eb
  aws-sdk-cloudfront (1.141.0) sha256=857e62408cab8ab39cf3d18f6f93c944ef80ea475880afae0f99385e1c4797b8
  aws-sdk-core (3.242.0) sha256=c17b3003acc78d80c1a8437b285a1cfc5e4d7749ce7821cf3071e847535a29a0
  aws-sdk-kms (1.122.0) sha256=47ce3f51b26bd7d76f1270cfdfca17b40073ecd3219c8c9400788712abfb4eb8
  aws-sdk-s3 (1.213.0) sha256=af596ccf544582406db610e95cc9099276eaf03142f57a2f30f76940e598e50d
  aws-sigv4 (1.12.1) sha256=6973ff95cb0fd0dc58ba26e90e9510a2219525d07620c8babeb70ef831826c00
  base64 (0.3.0) sha256=27337aeabad6ffae05c265c450490628ef3ebd4b67be58257393227588f5a97b
  bigdecimal (4.0.1) sha256=8b07d3d065a9f921c80ceaea7c9d4ae596697295b584c296fe599dd0ad01c4a7
  builder (3.3.0) sha256=497918d2f9dca528fdca4b88d84e4ef4387256d984b8154e9d5d3fe5a9c8835f
  coffee-script (2.4.1) sha256=82fe281e11b93c8117b98c5ea8063e71741870f1c4fbb27177d7d6333dd38765
  coffee-script-source (1.12.2) sha256=e12b16fd8927fbbf8b87cb2e9a85a6cf457c6881cc7ff8b1af15b31f70da07a4
  concurrent-ruby (1.3.8) sha256=b2f1be836e968ccc78ccfce277ea79c72a88633f22306782c16ff23fb415d1e1
  connection_pool (3.0.2) sha256=33fff5ba71a12d2aa26cb72b1db8bba2a1a01823559fb01d29eb74c286e62e0a
  contracts (0.17.3) sha256=e72e626413ea47099becb7b5683beb1c2ea902c69f5bad55c9258fe2b48314d7
  dotenv (3.2.0) sha256=e375b83121ea7ca4ce20f214740076129ab8514cd81378161f11c03853fe619d
  drb (2.2.3) sha256=0b00d6fdb50995fe4a45dea13663493c841112e4068656854646f418fda13373
  em-websocket (0.5.3) sha256=f56a92bde4e6cb879256d58ee31f124181f68f8887bd14d53d5d9a292758c6a8
  erubi (1.13.1) sha256=a082103b0885dbc5ecf1172fede897f9ebdb745a4b97a5e8dc63953db1ee4ad9
  eventmachine (1.2.7) sha256=994016e42aa041477ba9cff45cbe50de2047f25dd418eba003e84f0d16560972
  excon (1.7.0) sha256=b8deec2bf978123b7e4b13a103ffec61557c6feaba34706dbc1ce4a94dec33e0
  execjs (2.10.0) sha256=6bcb8be8f0052ff9d370b65d1c080f2406656e150452a0abdb185a133048450d
  fast_blank (1.0.1) sha256=269fc30414fed4e6403bc4a49081e1ea539f8b9226e59276ed1efaefabaa17ea
  fastimage (2.4.0) sha256=5fce375e27d3bdbb46c18dbca6ba9af29d3304801ae1eb995771c4796c5ac7e8
  ffi (1.17.3-aarch64-linux-gnu) sha256=28ad573df26560f0aedd8a90c3371279a0b2bd0b4e834b16a2baa10bd7a97068
  ffi (1.17.3-aarch64-linux-musl) sha256=020b33b76775b1abacc3b7d86b287cef3251f66d747092deec592c7f5df764b2
  ffi (1.17.3-arm-linux-gnu) sha256=5bd4cea83b68b5ec0037f99c57d5ce2dd5aa438f35decc5ef68a7d085c785668
  ffi (1.17.3-arm-linux-musl) sha256=0d7626bb96265f9af78afa33e267d71cfef9d9a8eb8f5525344f8da6c7d76053
  ffi (1.17.3-arm64-darwin) sha256=0c690555d4cee17a7f07c04d59df39b2fba74ec440b19da1f685c6579bb0717f
  ffi (1.17.3-x86_64-darwin) sha256=1f211811eb5cfaa25998322cdd92ab104bfbd26d1c4c08471599c511f2c00bb5
  ffi (1.17.3-x86_64-linux-gnu) sha256=3746b01f677aae7b16dc1acb7cb3cc17b3e35bdae7676a3f568153fb0e2c887f
  ffi (1.17.3-x86_64-linux-musl) sha256=086b221c3a68320b7564066f46fed23449a44f7a1935f1fe5a245bd89d9aea56
  fog-aws (3.33.1) sha256=20c7336ed978be6cbf2765844c53f30676288af98f1cb49945aa7b7b45a799a5
  fog-core (2.6.0) sha256=3fe08aa83a23cddce42f4ba412040c08f890d7ff04c175c0ee59119371245be6
  fog-json (1.2.0) sha256=dd4f5ab362dbc72b687240bba9d2dd841d5dfe888a285797533f85c03ea548fe
  fog-xml (0.1.5) sha256=52b9fea10701461dd3eaf9d9839702169b418dbbf50426786b9b74fade373bd6
  formatador (1.2.3) sha256=19fa898133c2c26cdbb5d09f6998c1e137ad9427a046663e55adfe18b950d894
  haml (6.4.0) sha256=b2e20652be52ac9a3be328e8ff411ad007e82fc4e78e1a5cdefad537a697cf6a
  hamster (3.0.0) sha256=5951e3a3ffd15ba854a976ac36ebae9469966f726034ffed0dccdb6d12d434d8
  hashie (5.1.0) sha256=c266471896f323c446ea8207f8ffac985d2718df0a0ba98651a3057096ca3870
  http_parser.rb (0.8.1) sha256=9ae8df145b39aa5398b2f90090d651c67bd8e2ebfe4507c966579f641e11097a
  i18n (1.14.8) sha256=285778639134865c5e0f6269e0b818256017e8cde89993fdfcbfb64d088824a5
  io-console (0.8.2) sha256=d6e3ae7a7cc7574f4b8893b4fca2162e57a825b223a177b7afa236c5ef9814cc
  jmespath (1.6.2) sha256=238d774a58723d6c090494c8879b5e9918c19485f7e840f2c1c7532cf84ebcb1
  json (2.21.2) sha256=1f1d3b7cf2b3ba1a69beca0bb6db13d5438b80bff3cd54cdaaa620b9b07c1c6a
  kramdown (2.5.2) sha256=1ba542204c66b6f9111ff00dcc26075b95b220b07f2905d8261740c82f7f02fa
  listen (3.10.0) sha256=c6e182db62143aeccc2e1960033bebe7445309c7272061979bb098d03760c9d2
  logger (1.7.0) sha256=196edec7cc44b66cfb40f9755ce11b392f21f7967696af15d274dde7edff0203
  memoist (0.16.2) sha256=a52c53a3f25b5875151670b2f3fd44388633486dc0f09f9a7150ead1e3bf3c45
  middleman (4.6.3) sha256=cf6293bf3d7917d495f466358c7d9707843c06347d5db2168e950b24c235704e
  middleman-blog (4.2.1) sha256=63c9df258970b4da0ba99c69930a1da8ac70c9b8d3947c9c3e27391f37d823ac
  middleman-cli (4.6.3) sha256=03deb5b893f748a5adeaf22ccc1452dfede2de25a4583bb451a0162857eb9974
  middleman-core (4.6.3) sha256=5cab1e1f16b00d26f541a4ca787427e1e0203c34f2d81471c1fae3bf1e7509a8
  middleman-livereload (3.5.0) sha256=8244d596851cac983719346bd13828b95cc049db9df8911e4d00f22b6fd6a762
  middleman-meta-tags (0.7.0) sha256=5b6cccc426e9d63617fb874b9c76f5ce38cd244fa447f0a26ea4ebdbbde4e327
  middleman-s3_sync (4.7.0) sha256=af73386d9214b6afa78f7895c4d5a95e70b9ebea0d20a569bbf1e4b07ca062d2
  middleman-sprockets (4.1.1) sha256=439e8376c74a509b5d527a22eb7fc0cc190afecb08cf7a75340e0df7c71a8972
  mime-types (3.7.0) sha256=dcebf61c246f08e15a4de34e386ebe8233791e868564a470c3fe77c00eed5e56
  mime-types-data (3.2026.0303) sha256=164af1de5824c5195d4b503b0a62062383b65c08671c792412450cd22d3bc224
  minitest (6.0.2) sha256=db6e57956f6ecc6134683b4c87467d6dd792323c7f0eea7b93f66bd284adbc3d
  multi_json (1.19.1) sha256=7aefeff8f2c854bf739931a238e4aea64592845e0c0395c8a7d2eea7fdd631b7
  nokogiri (1.19.4-aarch64-linux-gnu) sha256=1269fb644a6de405057a53dd5c762b1209b43ca7424f839454d3dbc677c31a8f
  nokogiri (1.19.4-aarch64-linux-musl) sha256=35c65b9ce72b3bb03207bdbe7067915019dc18c1b9b59139684bd6690fdd01af
  nokogiri (1.19.4-arm-linux-gnu) sha256=a301313e38bb065d68239e79734bcd6f56fb6efaacebde29e9abf2a4735340ca
  nokogiri (1.19.4-arm-linux-musl) sha256=588923c101bcfa78869734d247d25b598674323e7f22474fc468f6e5647311eb
  nokogiri (1.19.4-arm64-darwin) sha256=a46db9853286e6597b36ebc6953817d15acf3a299583eb3f89fdc6f91dd63527
  nokogiri (1.19.4-x86_64-darwin) sha256=7fd17057d3e1f00e9954a74b3cd76595d3d4a5ef233b7ed9599047c204f70551
  nokogiri (1.19.4-x86_64-linux-gnu) sha256=379fae440b28915e3f19d752ce2dcf8465ed2b2fbefd2a7ca0dd497bc981a06a
  nokogiri (1.19.4-x86_64-linux-musl) sha256=17dfb7c1fa194ae02fbf7c51a7afc8d278045ab3fdacfd86f91d02d7b274470b
  ostruct (0.6.3) sha256=95a2ed4a4bd1d190784e666b47b2d3f078e4a9efda2fccf18f84ddc6538ed912
  padrino-helpers (0.16.0) sha256=ded03baa1a5e37a3ad2b7964751640615a543cad0c0349fd4cfcaebd9d7acf94
  padrino-support (0.16.0) sha256=78bce996d96aad7c2064c5c452cc8d5ba67b41d6ee570882febc58b0ea81d2dc
  parallel (1.27.0) sha256=4ac151e1806b755fb4e2dc2332cbf0e54f2e24ba821ff2d3dcf86bf6dc4ae130
  parslet (2.0.0) sha256=d45130695d39b43d7e6a91f4d2ec66b388a8d822bae38de9b4de9a5fbde1f606
  prism (1.9.0) sha256=7b530c6a9f92c24300014919c9dcbc055bf4cdf51ec30aed099b06cd6674ef85
  public_suffix (7.0.5) sha256=1a8bb08f1bbea19228d3bed6e5ed908d1cb4f7c2726d18bd9cadf60bc676f623
  racc (1.8.1) sha256=4a7f6929691dbec8b5209a0b373bc2614882b55fc5d2e447a21aaa691303d62f
  rack (3.1.22) sha256=db116c1462fd32dec8b942a808ebedd4e1dbf1fcd0b24c481ae32ee99ca1ebe0
  rack-livereload (0.6.1) sha256=34337d2bdbea44327b9f7bd99f2595b04f90d8b2cf5305648c0e4860f3a30539
  rackup (2.3.1) sha256=6c79c26753778e90983761d677a48937ee3192b3ffef6bc963c0950f94688868
  rb-fsevent (0.11.2) sha256=43900b972e7301d6570f64b850a5aa67833ee7d87b458ee92805d56b7318aefe
  rb-inotify (0.11.1) sha256=a0a700441239b0ff18eb65e3866236cd78613d6b9f78fea1f9ac47a85e47be6e
  redcarpet (3.6.1) sha256=d444910e6aa55480c6bcdc0cdb057626e8a32c054c29e793fa642ba2f155f445
  reline (0.6.3) sha256=1198b04973565b36ec0f11542ab3f5cfeeec34823f4e54cebde90968092b1835
  rexml (3.4.4) sha256=19e0a2c3425dfbf2d4fc1189747bdb2f849b6c5e74180401b15734bc97b5d142
  ruby-progressbar (1.13.0) sha256=80fc9c47a9b640d6834e0dc7b3c94c9df37f08cb072b7761e4a71e22cff29b33
  sassc (2.4.0) sha256=4c60a2b0a3b36685c83b80d5789401c2f678c1652e3288315a1551d811d9f83e
  securerandom (0.4.1) sha256=cc5193d414a4341b6e225f0cb4446aceca8e50d5e1888743fac16987638ea0b1
  servolux (0.13.0) sha256=1a33c45458f8061d8a989b19d3ad6e5cfad04881b3fe988508a90850a3961519
  slim (5.2.1) sha256=72351dff7e2ff20e2d5c393cfc385bb9142cef5db059141628fd7163ac3c13e7
  sprockets (4.2.2) sha256=761e5a49f1c288704763f73139763564c845a8f856d52fba013458f8af1b59b1
  temple (0.10.4) sha256=b7a1e94b6f09038ab0b6e4fe0126996055da2c38bec53a8a336f075748fff72c
  thor (1.5.0) sha256=e3a9e55fe857e44859ce104a84675ab6e8cd59c650a49106a05f55f136425e73
  tilt (2.7.0) sha256=0d5b9ba69f6a36490c64b0eee9f6e9aad517e20dcc848800a06eb116f08c6ab3
  toml (0.3.0) sha256=0a91d0f76a9036e84e44f95693b12f58d358c1df3ac8e3b5271f2056ecc6e4b9
  tzinfo (2.0.6) sha256=8daf828cc77bcf7d63b0e3bdb6caa47e2272dcfaf4fbfe46f8c3a9df087a829b
  uglifier (4.2.1) sha256=75d42b81b10bfd21e7a427fabb1d49ff5ea7bda3c4a5039ddb2a78d194c6f5aa
  uri (1.1.1) sha256=379fa58d27ffb1387eaada68c749d1426738bd0f654d812fcc07e7568f5c57c6
  webrick (1.9.2) sha256=beb4a15fc474defed24a3bda4ffd88a490d517c9e4e6118c3edce59e45864131

RUBY VERSION
  ruby 4.0.1

BUNDLED WITH
  4.0.3
